
Microsoft Visual Studio Solution File, Format Version 12.00
# Visual Studio Version 16
VisualStudioVersion = 16.0.29519.181
MinimumVisualStudioVersion = 10.0.40219.1
Project("{FAE04EC0-301F-11D3-BF4B-00C04F79EFBC}") = "UnrealToSource", "UnrealToSource.csproj", "{4CFBCFCF-D0C2-4E9E-A642-1716A82EBA9D}"
EndProject
Global
	GlobalSection(SolutionConfigurationPlatforms) = preSolution
		Debug|Any CPU = Debug|Any CPU
		Release|Any CPU = Release|Any CPU
	EndGlobalSection
	GlobalSection(ProjectConfigurationPlatforms) = postSolution
		{4CFBCFCF-D0C2-4E9E-A642-1716A82EBA9D}.Debug|Any CPU.ActiveCfg = Debug|Any CPU
		{4CFBCFCF-D0C2-4E9E-A642-1716A82EBA9D}.Debug|Any CPU.Build.0 = Debug|Any CPU
		{4CFBCFCF-D0C2-4E9E-A642-1716A82EBA9D}.Release|Any CPU.ActiveCfg = Release|Any CPU
		{4CFBCFCF-D0C2-4E9E-A642-1716A82EBA9D}.Release|Any CPU.Build.0 = Release|Any CPU
	EndGlobalSection
	GlobalSection(SolutionProperties) = preSolution
		HideSolutionNode = FALSE
	EndGlobalSection
	GlobalSection(ExtensibilityGlobals) = postSolution
		SolutionGuid = {6ACD1E06-352A-444E-AE92-F7731CF7606C}
	EndGlobalSection
EndGlobal
